
Microsoft Visual Studio Solution File, Format Version 12.00
# Visual Studio Version 16
VisualStudioVersion = 16.0.31402.337
MinimumVisualStudioVersion = 10.0.40219.1
Project("{FAE04EC0-301F-11D3-BF4B-00C04F79EFBC}") = "Inheritance2", "Inheritance2\Inheritance2.csproj", "{3577E9CD-BC6C-47DE-BB04-9B67C519814F}"
EndProject
Global
	GlobalSection(SolutionConfigurationPlatforms) = preSolution
		Debug|Any CPU = Debug|Any CPU
		Release|Any CPU = Release|Any CPU
	EndGlobalSection
	GlobalSection(ProjectConfigurationPlatforms) = postSolution
		{3577E9CD-BC6C-47DE-BB04-9B67C519814F}.Debug|Any CPU.ActiveCfg = Debug|Any CPU
		{3577E9CD-BC6C-47DE-BB04-9B67C519814F}.Debug|Any CPU.Build.0 = Debug|Any CPU
		{3577E9CD-BC6C-47DE-BB04-9B67C519814F}.Release|Any CPU.ActiveCfg = Release|Any CPU
		{3577E9CD-BC6C-47DE-BB04-9B67C519814F}.Release|Any CPU.Build.0 = Release|Any CPU
	EndGlobalSection
	GlobalSection(SolutionProperties) = preSolution
		HideSolutionNode = FALSE
	EndGlobalSection
	GlobalSection(ExtensibilityGlobals) = postSolution
		SolutionGuid = {2140941C-81AF-475B-B688-6C170D1AF4E0}
	EndGlobalSection
EndGlobal
